
Microsoft Visual Studio Solution File, Format Version 12.00
# Visual Studio Version 17
VisualStudioVersion = 17.13.36105.23 d17.13
MinimumVisualStudioVersion = 10.0.40219.1
Project("{FAE04EC0-301F-11D3-BF4B-00C04F79EFBC}") = "UDPServer", "UDPServer\UDPServer.csproj", "{3FBEFE73-E507-47D1-8C8B-35B4856DB52B}"
EndProject
Project("{FAE04EC0-301F-11D3-BF4B-00C04F79EFBC}") = "UDPClient", "UDPClient\UDPClient.csproj", "{BEBCE13A-2BD4-4DE7-91EE-E9F3E5DEA62C}"
EndProject
Global
	GlobalSection(SolutionConfigurationPlatforms) = preSolution
		Debug|Any CPU = Debug|Any CPU
		Release|Any CPU = Release|Any CPU
	EndGlobalSection
	GlobalSection(ProjectConfigurationPlatforms) = postSolution
		{3FBEFE73-E507-47D1-8C8B-35B4856DB52B}.Debug|Any CPU.ActiveCfg = Debug|Any CPU
		{3FBEFE73-E507-47D1-8C8B-35B4856DB52B}.Debug|Any CPU.Build.0 = Debug|Any CPU
		{3FBEFE73-E507-47D1-8C8B-35B4856DB52B}.Release|Any CPU.ActiveCfg = Release|Any CPU
		{3FBEFE73-E507-47D1-8C8B-35B4856DB52B}.Release|Any CPU.Build.0 = Release|Any CPU
		{BEBCE13A-2BD4-4DE7-91EE-E9F3E5DEA62C}.Debug|Any CPU.ActiveCfg = Debug|Any CPU
		{BEBCE13A-2BD4-4DE7-91EE-E9F3E5DEA62C}.Debug|Any CPU.Build.0 = Debug|Any CPU
		{BEBCE13A-2BD4-4DE7-91EE-E9F3E5DEA62C}.Release|Any CPU.ActiveCfg = Release|Any CPU
		{BEBCE13A-2BD4-4DE7-91EE-E9F3E5DEA62C}.Release|Any CPU.Build.0 = Release|Any CPU
	EndGlobalSection
	GlobalSection(SolutionProperties) = preSolution
		HideSolutionNode = FALSE
	EndGlobalSection
	GlobalSection(ExtensibilityGlobals) = postSolution
		SolutionGuid = {16CA6674-94A1-4D0A-ACC3-514F72C75677}
	EndGlobalSection
EndGlobal
