
Microsoft Visual Studio Solution File, Format Version 12.00
# Visual Studio Version 17
VisualStudioVersion = 17.13.36105.23 d17.13
MinimumVisualStudioVersion = 10.0.40219.1
Project("{FAE04EC0-301F-11D3-BF4B-00C04F79EFBC}") = "3.ConsoleTcpListener", "3.ConsoleTcpListener\3.ConsoleTcpListener.csproj", "{5C04DA43-CB1A-472D-9FD4-F82BCCF9E0B5}"
EndProject
Project("{FAE04EC0-301F-11D3-BF4B-00C04F79EFBC}") = "ConsoleTcpClient", "ConsoleTcpClient\ConsoleTcpClient.csproj", "{069A2DD8-53CC-4F4E-A346-519FC88C8724}"
EndProject
Global
	GlobalSection(SolutionConfigurationPlatforms) = preSolution
		Debug|Any CPU = Debug|Any CPU
		Release|Any CPU = Release|Any CPU
	EndGlobalSection
	GlobalSection(ProjectConfigurationPlatforms) = postSolution
		{5C04DA43-CB1A-472D-9FD4-F82BCCF9E0B5}.Debug|Any CPU.ActiveCfg = Debug|Any CPU
		{5C04DA43-CB1A-472D-9FD4-F82BCCF9E0B5}.Debug|Any CPU.Build.0 = Debug|Any CPU
		{5C04DA43-CB1A-472D-9FD4-F82BCCF9E0B5}.Release|Any CPU.ActiveCfg = Release|Any CPU
		{5C04DA43-CB1A-472D-9FD4-F82BCCF9E0B5}.Release|Any CPU.Build.0 = Release|Any CPU
		{069A2DD8-53CC-4F4E-A346-519FC88C8724}.Debug|Any CPU.ActiveCfg = Debug|Any CPU
		{069A2DD8-53CC-4F4E-A346-519FC88C8724}.Debug|Any CPU.Build.0 = Debug|Any CPU
		{069A2DD8-53CC-4F4E-A346-519FC88C8724}.Release|Any CPU.ActiveCfg = Release|Any CPU
		{069A2DD8-53CC-4F4E-A346-519FC88C8724}.Release|Any CPU.Build.0 = Release|Any CPU
	EndGlobalSection
	GlobalSection(SolutionProperties) = preSolution
		HideSolutionNode = FALSE
	EndGlobalSection
	GlobalSection(ExtensibilityGlobals) = postSolution
		SolutionGuid = {D7E67547-83B8-417C-AA8B-3903FE5D50FB}
	EndGlobalSection
EndGlobal
